
Microsoft Visual Studio Solution File, Format Version 12.00
# Visual Studio Version 16
VisualStudioVersion = 16.0.31313.79
MinimumVisualStudioVersion = 10.0.40219.1
Project("{FAE04EC0-301F-11D3-BF4B-00C04F79EFBC}") = "FncDetector", "FncDetector\FncDetector.csproj", "{F63E3763-02DA-4D81-B33F-0A04A5723F78}"
EndProject
Global
	GlobalSection(SolutionConfigurationPlatforms) = preSolution
		Debug|Any CPU = Debug|Any CPU
		Release|Any CPU = Release|Any CPU
	EndGlobalSection
	GlobalSection(ProjectConfigurationPlatforms) = postSolution
		{F63E3763-02DA-4D81-B33F-0A04A5723F78}.Debug|Any CPU.ActiveCfg = Debug|Any CPU
		{F63E3763-02DA-4D81-B33F-0A04A5723F78}.Debug|Any CPU.Build.0 = Debug|Any CPU
		{F63E3763-02DA-4D81-B33F-0A04A5723F78}.Release|Any CPU.ActiveCfg = Release|Any CPU
		{F63E3763-02DA-4D81-B33F-0A04A5723F78}.Release|Any CPU.Build.0 = Release|Any CPU
	EndGlobalSection
	GlobalSection(SolutionProperties) = preSolution
		HideSolutionNode = FALSE
	EndGlobalSection
	GlobalSection(ExtensibilityGlobals) = postSolution
		SolutionGuid = {5E396B51-E4A1-4DE3-BBBE-BCD8B1E6B754}
	EndGlobalSection
EndGlobal
